{
  "name": "QQ音乐参考",
  "lockfileVersion": 2,
  "requires": true,
  "packages": {
    "": {
      "dependencies": {
        "fastclick": "^1.0.6"
      }
    },
    "node_modules/fastclick": {
      "version": "1.0.6",
      "resolved": "https://registry.npmjs.org/fastclick/-/fastclick-1.0.6.tgz",
      "integrity": "sha512-cXyDBT4g0uWl/Xe75QspBDAgAWQ0lkPi/zgp6YFEUHj6WV6VIZl7R6TiDZhdOVU3W4ehp/8tG61Jev1jit+ztQ=="
    }
  },
  "dependencies": {
    "fastclick": {
      "version": "1.0.6",
      "resolved": "https://registry.npmjs.org/fastclick/-/fastclick-1.0.6.tgz",
      "integrity": "sha512-cXyDBT4g0uWl/Xe75QspBDAgAWQ0lkPi/zgp6YFEUHj6WV6VIZl7R6TiDZhdOVU3W4ehp/8tG61Jev1jit+ztQ=="
    }
  }
}
